// !$*UTF8*$!
{
	archiveVersion = 1;
	classes = {
	};
	objectVersion = 50;
	objects = {

/* Begin PBXBuildFile section */
		88445937225485510019B538 /* AppDelegate.m in Sources */ = {isa = PBXBuildFile; fileRef = 88445936225485510019B538 /* AppDelegate.m */; };
		8844593A225485510019B538 /* ViewController.m in Sources */ = {isa = PBXBuildFile; fileRef = 88445939225485510019B538 /* ViewController.m */; };
		8844593D225485510019B538 /* Main.storyboard in Resources */ = {isa = PBXBuildFile; fileRef = 8844593B225485510019B538 /* Main.storyboard */; };
		8844593F225485510019B538 /* Assets.xcassets in Resources */ = {isa = PBXBuildFile; fileRef = 8844593E225485510019B538 /* Assets.xcassets */; };
		88445942225485510019B538 /* LaunchScreen.storyboard in Resources */ = {isa = PBXBuildFile; fileRef = 88445940225485510019B538 /* LaunchScreen.storyboard */; };
		88445945225485510019B538 /* main.m in Sources */ = {isa = PBXBuildFile; fileRef = 88445944225485510019B538 /* main.m */; };
		8844594C225485670019B538 /* CustomView.xib in Resources */ = {isa = PBXBuildFile; fileRef = 8844594B225485670019B538 /* CustomView.xib */; };
		8844594F225485830019B538 /* CustomView.m in Sources */ = {isa = PBXBuildFile; fileRef = 8844594E225485830019B538 /* CustomView.m */; };
		8844595522548A860019B538 /* PhotoCollectionCell.m in Sources */ = {isa = PBXBuildFile; fileRef = 8844595322548A860019B538 /* PhotoCollectionCell.m */; };
		8844595622548A860019B538 /* PhotoCollectionCell.xib in Resources */ = {isa = PBXBuildFile; fileRef = 8844595422548A860019B538 /* PhotoCollectionCell.xib */; };
/* End PBXBuildFile section */

/* Begin PBXFileReference section */
		88445932225485510019B538 /* CustomViewLayout.app */ = {isa = PBXFileReference; explicitFileType = wrapper.application; includeInIndex = 0; path = CustomViewLayout.app; sourceTree = BUILT_PRODUCTS_DIR; };
		88445935225485510019B538 /* AppDelegate.h */ = {isa = PBXFileReference; lastKnownFileType = sourcecode.c.h; path = AppDelegate.h; sourceTree = "<group>"; };
		88445936225485510019B538 /* AppDelegate.m */ = {isa = PBXFileReference; lastKnownFileType = sourcecode.c.objc; path = AppDelegate.m; sourceTree = "<group>"; };
		88445938225485510019B538 /* ViewController.h */ = {isa = PBXFileReference; lastKnownFileType = sourcecode.c.h; path = ViewController.h; sourceTree = "<group>"; };
		88445939225485510019B538 /* ViewController.m */ = {isa = PBXFileReference; lastKnownFileType = sourcecode.c.objc; path = ViewController.m; sourceTree = "<group>"; };
		8844593C225485510019B538 /* Base */ = {isa = PBXFileReference; lastKnownFileType = file.storyboard; name = Base; path = Base.lproj/Main.storyboard; sourceTree = "<group>"; };
		8844593E225485510019B538 /* Assets.xcassets */ = {isa = PBXFileReference; lastKnownFileType = folder.assetcatalog; path = Assets.xcassets; sourceTree = "<group>"; };
		88445941225485510019B538 /* Base */ = {isa = PBXFileReference; lastKnownFileType = file.storyboard; name = Base; path = Base.lproj/LaunchScreen.storyboard; sourceTree = "<group>"; };
		88445943225485510019B538 /* Info.plist */ = {isa = PBXFileReference; lastKnownFileType = text.plist.xml; path = Info.plist; sourceTree = "<group>"; };
		88445944225485510019B538 /* main.m */ = {isa = PBXFileReference; lastKnownFileType = sourcecode.c.objc; path = main.m; sourceTree = "<group>"; };
		8844594B225485670019B538 /* CustomView.xib */ = {isa = PBXFileReference; lastKnownFileType = file.xib; path = CustomView.xib; sourceTree = "<group>"; };
		8844594D225485830019B538 /* CustomView.h */ = {isa = PBXFileReference; lastKnownFileType = sourcecode.c.h; path = CustomView.h; sourceTree = "<group>"; };
		8844594E225485830019B538 /* CustomView.m */ = {isa = PBXFileReference; lastKnownFileType = sourcecode.c.objc; path = CustomView.m; sourceTree = "<group>"; };
		8844595222548A860019B538 /* PhotoCollectionCell.h */ = {isa = PBXFileReference; lastKnownFileType = sourcecode.c.h; path = PhotoCollectionCell.h; sourceTree = "<group>"; };
		8844595322548A860019B538 /* PhotoCollectionCell.m */ = {isa = PBXFileReference; lastKnownFileType = sourcecode.c.objc; path = PhotoCollectionCell.m; sourceTree = "<group>"; };
		8844595422548A860019B538 /* PhotoCollectionCell.xib */ = {isa = PBXFileReference; lastKnownFileType = file.xib; path = PhotoCollectionCell.xib; sourceTree = "<group>"; };
/* End PBXFileReference section */

/* Begin PBXFrameworksBuildPhase section */
		8844592F225485510019B538 /* Frameworks */ = {
			isa = PBXFrameworksBuildPhase;
			buildActionMask = 2147483647;
			files = (
			);
			runOnlyForDeploymentPostprocessing = 0;
		};
/* End PBXFrameworksBuildPhase section */

/* Begin PBXGroup section */
		88445929225485510019B538 = {
			isa = PBXGroup;
			children = (
				88445934225485510019B538 /* CustomViewLayout */,
				88445933225485510019B538 /* Products */,
			);
			sourceTree = "<group>";
		};
		88445933225485510019B538 /* Products */ = {
			isa = PBXGroup;
			children = (
				88445932225485510019B538 /* CustomViewLayout.app */,
			);
			name = Products;
			sourceTree = "<group>";
		};
		88445934225485510019B538 /* CustomViewLayout */ = {
			isa = PBXGroup;
			children = (
				88445935225485510019B538 /* AppDelegate.h */,
				88445936225485510019B538 /* AppDelegate.m */,
				88445938225485510019B538 /* ViewController.h */,
				88445939225485510019B538 /* ViewController.m */,
				8844593B225485510019B538 /* Main.storyboard */,
				8844593E225485510019B538 /* Assets.xcassets */,
				88445940225485510019B538 /* LaunchScreen.storyboard */,
				88445943225485510019B538 /* Info.plist */,
				88445944225485510019B538 /* main.m */,
				8844594B225485670019B538 /* CustomView.xib */,
				8844594D225485830019B538 /* CustomView.h */,
				8844594E225485830019B538 /* CustomView.m */,
				8844595222548A860019B538 /* PhotoCollectionCell.h */,
				8844595322548A860019B538 /* PhotoCollectionCell.m */,
				8844595422548A860019B538 /* PhotoCollectionCell.xib */,
			);
			path = CustomViewLayout;
			sourceTree = "<group>";
		};
/* End PBXGroup section */

/* Begin PBXNativeTarget section */
		88445931225485510019B538 /* CustomViewLayout */ = {
			isa = PBXNativeTarget;
			buildConfigurationList = 88445948225485510019B538 /* Build configuration list for PBXNativeTarget "CustomViewLayout" */;
			buildPhases = (
				8844592E225485510019B538 /* Sources */,
				8844592F225485510019B538 /* Frameworks */,
				88445930225485510019B538 /* Resources */,
			);
			buildRules = (
			);
			dependencies = (
			);
			name = CustomViewLayout;
			productName = CustomViewLayout;
			productReference = 88445932225485510019B538 /* CustomViewLayout.app */;
			productType = "com.apple.product-type.application";
		};
/* End PBXNativeTarget section */

/* Begin PBXProject section */
		8844592A225485510019B538 /* Project object */ = {
			isa = PBXProject;
			attributes = {
				LastUpgradeCheck = 1020;
				ORGANIZATIONNAME = Polymath;
				TargetAttributes = {
					88445931225485510019B538 = {
						CreatedOnToolsVersion = 10.2;
					};
				};
			};
			buildConfigurationList = 8844592D225485510019B538 /* Build configuration list for PBXProject "CustomViewLayout" */;
			compatibilityVersion = "Xcode 9.3";
			developmentRegion = en;
			hasScannedForEncodings = 0;
			knownRegions = (
				en,
				Base,
			);
			mainGroup = 88445929225485510019B538;
			productRefGroup = 88445933225485510019B538 /* Products */;
			projectDirPath = "";
			projectRoot = "";
			targets = (
				88445931225485510019B538 /* CustomViewLayout */,
			);
		};
/* End PBXProject section */

/* Begin PBXResourcesBuildPhase section */
		88445930225485510019B538 /* Resources */ = {
			isa = PBXResourcesBuildPhase;
			buildActionMask = 2147483647;
			files = (
				88445942225485510019B538 /* LaunchScreen.storyboard in Resources */,
				8844595622548A860019B538 /* PhotoCollectionCell.xib in Resources */,
				8844594C225485670019B538 /* CustomView.xib in Resources */,
				8844593F225485510019B538 /* Assets.xcassets in Resources */,
				8844593D225485510019B538 /* Main.storyboard in Resources */,
			);
			runOnlyForDeploymentPostprocessing = 0;
		};
/* End PBXResourcesBuildPhase section */

/* Begin PBXSourcesBuildPhase section */
		8844592E225485510019B538 /* Sources */ = {
			isa = PBXSourcesBuildPhase;
			buildActionMask = 2147483647;
			files = (
				8844593A225485510019B538 /* ViewController.m in Sources */,
				8844594F225485830019B538 /* CustomView.m in Sources */,
				88445945225485510019B538 /* main.m in Sources */,
				88445937225485510019B538 /* AppDelegate.m in Sources */,
				8844595522548A860019B538 /* PhotoCollectionCell.m in Sources */,
			);
			runOnlyForDeploymentPostprocessing = 0;
		};
/* End PBXSourcesBuildPhase section */

/* Begin PBXVariantGroup section */
		8844593B225485510019B538 /* Main.storyboard */ = {
			isa = PBXVariantGroup;
			children = (
				8844593C225485510019B538 /* Base */,
			);
			name = Main.storyboard;
			sourceTree = "<group>";
		};
		88445940225485510019B538 /* LaunchScreen.storyboard */ = {
			isa = PBXVariantGroup;
			children = (
				88445941225485510019B538 /* Base */,
			);
			name = LaunchScreen.storyboard;
			sourceTree = "<group>";
		};
/* End PBXVariantGroup section */

/* Begin XCBuildConfiguration section */
		88445946225485510019B538 /* Debug */ = {
			isa = XCBuildConfiguration;
			buildSettings = {
				ALWAYS_SEARCH_USER_PATHS = NO;
				CLANG_ANALYZER_NONNULL = YES;
				CLANG_ANALYZER_NUMBER_OBJECT_CONVERSION = YES_AGGRESSIVE;
				CLANG_CXX_LANGUAGE_STANDARD = "gnu++14";
				CLANG_CXX_LIBRARY = "libc++";
				CLANG_ENABLE_MODULES = YES;
				CLANG_ENABLE_OBJC_ARC = YES;
				CLANG_ENABLE_OBJC_WEAK = YES;
				CLANG_WARN_BLOCK_CAPTURE_AUTORELEASING = YES;
				CLANG_WARN_BOOL_CONVERSION = YES;
				CLANG_WARN_COMMA = YES;
				CLANG_WARN_CONSTANT_CONVERSION = YES;
				CLANG_WARN_DEPRECATED_OBJC_IMPLEMENTATIONS = YES;
				CLANG_WARN_DIRECT_OBJC_ISA_USAGE = YES_ERROR;
				CLANG_WARN_DOCUMENTATION_COMMENTS = YES;
				CLANG_WARN_EMPTY_BODY = YES;
				CLANG_WARN_ENUM_CONVERSION = YES;
				CLANG_WARN_INFINITE_RECURSION = YES;
				CLANG_WARN_INT_CONVERSION = YES;
				CLANG_WARN_NON_LITERAL_NULL_CONVERSION = YES;
				CLANG_WARN_OBJC_IMPLICIT_RETAIN_SELF = YES;
				CLANG_WARN_OBJC_LITERAL_CONVERSION = YES;
				CLANG_WARN_OBJC_ROOT_CLASS = YES_ERROR;
				CLANG_WARN_RANGE_LOOP_ANALYSIS = YES;
				CLANG_WARN_STRICT_PROTOTYPES = YES;
				CLANG_WARN_SUSPICIOUS_MOVE = YES;
				CLANG_WARN_UNGUARDED_AVAILABILITY = YES_AGGRESSIVE;
				CLANG_WARN_UNREACHABLE_CODE = YES;
				CLANG_WARN__DUPLICATE_METHOD_MATCH = YES;
				CODE_SIGN_IDENTITY = "iPhone Developer";
				COPY_PHASE_STRIP = NO;
				DEBUG_INFORMATION_FORMAT = dwarf;
				ENABLE_STRICT_OBJC_MSGSEND = YES;
				ENABLE_TESTABILITY = YES;
				GCC_C_LANGUAGE_STANDARD = gnu11;
				GCC_DYNAMIC_NO_PIC = NO;
				GCC_NO_COMMON_BLOCKS = YES;
				GCC_OPTIMIZATION_LEVEL = 0;
				GCC_PREPROCESSOR_DEFINITIONS = (
					"DEBUG=1",
					"$(inherited)",
				);
				GCC_WARN_64_TO_32_BIT_CONVERSION = YES;
				GCC_WARN_ABOUT_RETURN_TYPE = YES_ERROR;
				GCC_WARN_UNDECLARED_SELECTOR = YES;
				GCC_WARN_UNINITIALIZED_AUTOS = YES_AGGRESSIVE;
				GCC_WARN_UNUSED_FUNCTION = YES;
				GCC_WARN_UNUSED_VARIABLE = YES;
				IPHONEOS_DEPLOYMENT_TARGET = 12.2;
				MTL_ENABLE_DEBUG_INFO = INCLUDE_SOURCE;
				MTL_FAST_MATH = YES;
				ONLY_ACTIVE_ARCH = YES;
				SDKROOT = iphoneos;
			};
			name = Debug;
		};
		88445947225485510019B538 /* Release */ = {
			isa = XCBuildConfiguration;
			buildSettings = {
				ALWAYS_SEARCH_USER_PATHS = NO;
				CLANG_ANALYZER_NONNULL = YES;
				CLANG_ANALYZER_NUMBER_OBJECT_CONVERSION = YES_AGGRESSIVE;
				CLANG_CXX_LANGUAGE_STANDARD = "gnu++14";
				CLANG_CXX_LIBRARY = "libc++";
				CLANG_ENABLE_MODULES = YES;
				CLANG_ENABLE_OBJC_ARC = YES;
				CLANG_ENABLE_OBJC_WEAK = YES;
				CLANG_WARN_BLOCK_CAPTURE_AUTORELEASING = YES;
				CLANG_WARN_BOOL_CONVERSION = YES;
				CLANG_WARN_COMMA = YES;
				CLANG_WARN_CONSTANT_CONVERSION = YES;
				CLANG_WARN_DEPRECATED_OBJC_IMPLEMENTATIONS = YES;
				CLANG_WARN_DIRECT_OBJC_ISA_USAGE = YES_ERROR;
				CLANG_WARN_DOCUMENTATION_COMMENTS = YES;
				CLANG_WARN_EMPTY_BODY = YES;
				CLANG_WARN_ENUM_CONVERSION = YES;
				CLANG_WARN_INFINITE_RECURSION = YES;
				CLANG_WARN_INT_CONVERSION = YES;
				CLANG_WARN_NON_LITERAL_NULL_CONVERSION = YES;
				CLANG_WARN_OBJC_IMPLICIT_RETAIN_SELF = YES;
				CLANG_WARN_OBJC_LITERAL_CONVERSION = YES;
				CLANG_WARN_OBJC_ROOT_CLASS = YES_ERROR;
				CLANG_WARN_RANGE_LOOP_ANALYSIS = YES;
				CLANG_WARN_STRICT_PROTOTYPES = YES;
				CLANG_WARN_SUSPICIOUS_MOVE = YES;
				CLANG_WARN_UNGUARDED_AVAILABILITY = YES_AGGRESSIVE;
				CLANG_WARN_UNREACHABLE_CODE = YES;
				CLANG_WARN__DUPLICATE_METHOD_MATCH = YES;
				CODE_SIGN_IDENTITY = "iPhone Developer";
				COPY_PHASE_STRIP = NO;
				DEBUG_INFORMATION_FORMAT = "dwarf-with-dsym";
				ENABLE_NS_ASSERTIONS = NO;
				ENABLE_STRICT_OBJC_MSGSEND = YES;
				GCC_C_LANGUAGE_STANDARD = gnu11;
				GCC_NO_COMMON_BLOCKS = YES;
				GCC_WARN_64_TO_32_BIT_CONVERSION = YES;
				GCC_WARN_ABOUT_RETURN_TYPE = YES_ERROR;
				GCC_WARN_UNDECLARED_SELECTOR = YES;
				GCC_WARN_UNINITIALIZED_AUTOS = YES_AGGRESSIVE;
				GCC_WARN_UNUSED_FUNCTION = YES;
				GCC_WARN_UNUSED_VARIABLE = YES;
				IPHONEOS_DEPLOYMENT_TARGET = 12.2;
				MTL_ENABLE_DEBUG_INFO = NO;
				MTL_FAST_MATH = YES;
				SDKROOT = iphoneos;
				VALIDATE_PRODUCT = YES;
			};
			name = Release;
		};
		88445949225485510019B538 /* Debug */ = {
			isa = XCBuildConfiguration;
			buildSettings = {
				ASSETCATALOG_COMPILER_APPICON_NAME = AppIcon;
				CODE_SIGN_STYLE = Automatic;
				DEVELOPMENT_TEAM = 8X2UF2GG54;
				INFOPLIST_FILE = CustomViewLayout/Info.plist;
				LD_RUNPATH_SEARCH_PATHS = (
					"$(inherited)",
					"@executable_path/Frameworks",
				);
				PRODUCT_BUNDLE_IDENTIFIER = com.polymath.CustomViewLayout;
				PRODUCT_NAME = "$(TARGET_NAME)";
				TARGETED_DEVICE_FAMILY = "1,2";
			};
			name = Debug;
		};
		8844594A225485510019B538 /* Release */ = {
			isa = XCBuildConfiguration;
			buildSettings = {
				ASSETCATALOG_COMPILER_APPICON_NAME = AppIcon;
				CODE_SIGN_STYLE = Automatic;
				DEVELOPMENT_TEAM = 8X2UF2GG54;
				INFOPLIST_FILE = CustomViewLayout/Info.plist;
				LD_RUNPATH_SEARCH_PATHS = (
					"$(inherited)",
					"@executable_path/Frameworks",
				);
				PRODUCT_BUNDLE_IDENTIFIER = com.polymath.CustomViewLayout;
				PRODUCT_NAME = "$(TARGET_NAME)";
				TARGETED_DEVICE_FAMILY = "1,2";
			};
			name = Release;
		};
/* End XCBuildConfiguration section */

/* Begin XCConfigurationList section */
		8844592D225485510019B538 /* Build configuration list for PBXProject "CustomViewLayout" */ = {
			isa = XCConfigurationList;
			buildConfigurations = (
				88445946225485510019B538 /* Debug */,
				88445947225485510019B538 /* Release */,
			);
			defaultConfigurationIsVisible = 0;
			defaultConfigurationName = Release;
		};
		88445948225485510019B538 /* Build configuration list for PBXNativeTarget "CustomViewLayout" */ = {
			isa = XCConfigurationList;
			buildConfigurations = (
				88445949225485510019B538 /* Debug */,
				8844594A225485510019B538 /* Release */,
			);
			defaultConfigurationIsVisible = 0;
			defaultConfigurationName = Release;
		};
/* End XCConfigurationList section */
	};
	rootObject = 8844592A225485510019B538 /* Project object */;
}
